
Microsoft Visual Studio Solution File, Format Version 12.00
# Visual Studio Version 16
VisualStudioVersion = 16.0.30717.126
MinimumVisualStudioVersion = 10.0.40219.1
Project("{FAE04EC0-301F-11D3-BF4B-00C04F79EFBC}") = "PersonHomework", "PersonHomework\PersonHomework.csproj", "{0942D95B-57A4-47B3-B7A6-D625F4AB48C5}"
EndProject
Global
	GlobalSection(SolutionConfigurationPlatforms) = preSolution
		Debug|Any CPU = Debug|Any CPU
		Release|Any CPU = Release|Any CPU
	EndGlobalSection
	GlobalSection(ProjectConfigurationPlatforms) = postSolution
		{0942D95B-57A4-47B3-B7A6-D625F4AB48C5}.Debug|Any CPU.ActiveCfg = Debug|Any CPU
		{0942D95B-57A4-47B3-B7A6-D625F4AB48C5}.Debug|Any CPU.Build.0 = Debug|Any CPU
		{0942D95B-57A4-47B3-B7A6-D625F4AB48C5}.Release|Any CPU.ActiveCfg = Release|Any CPU
		{0942D95B-57A4-47B3-B7A6-D625F4AB48C5}.Release|Any CPU.Build.0 = Release|Any CPU
	EndGlobalSection
	GlobalSection(SolutionProperties) = preSolution
		HideSolutionNode = FALSE
	EndGlobalSection
	GlobalSection(ExtensibilityGlobals) = postSolution
		SolutionGuid = {8FFA8147-F67F-49EC-AEB3-52E9AF48273D}
	EndGlobalSection
EndGlobal
